
Microsoft Visual Studio Solution File, Format Version 12.00
# Visual Studio Version 17
VisualStudioVersion = 17.14.36518.9
MinimumVisualStudioVersion = 10.0.40219.1
Project("{FAE04EC0-301F-11D3-BF4B-00C04F79EFBC}") = "TodoService", "TodoService\TodoService.csproj", "{1D3E9C7C-FE10-4B83-89EC-CB79640836DD}"
EndProject
Project("{FAE04EC0-301F-11D3-BF4B-00C04F79EFBC}") = "UserService", "UserService\UserService.csproj", "{92301744-7C58-499C-871E-41E2126AB8D3}"
EndProject
Project("{E53339B2-1760-4266-BCC7-CA923CBCF16C}") = "docker-compose", "docker-compose.dcproj", "{81DDED9D-158B-E303-5F62-77A2896D2A5A}"
EndProject
Project("{2150E333-8FDC-42A3-9474-1A3956D46DE8}") = "Éléments de solution", "Éléments de solution", "{9C8CB701-102D-CF49-A3E0-89AC09D42C2C}"
	ProjectSection(SolutionItems) = preProject
		README.md = README.md
	EndProjectSection
EndProject
Project("{FAE04EC0-301F-11D3-BF4B-00C04F79EFBC}") = "Common.Infrastructure", "Common.Infrastructure\Common.Infrastructure.csproj", "{F6B624FF-B724-4C28-900D-11CFAAE41140}"
EndProject
Project("{FAE04EC0-301F-11D3-BF4B-00C04F79EFBC}") = "ApiGateway", "ApiGateway\ApiGateway.csproj", "{9CFB34C3-0D4B-4BB3-B629-6054088979EE}"
EndProject
Global
	GlobalSection(SolutionConfigurationPlatforms) = preSolution
		Debug|Any CPU = Debug|Any CPU
		Release|Any CPU = Release|Any CPU
	EndGlobalSection
	GlobalSection(ProjectConfigurationPlatforms) = postSolution
		{1D3E9C7C-FE10-4B83-89EC-CB79640836DD}.Debug|Any CPU.ActiveCfg = Debug|Any CPU
		{1D3E9C7C-FE10-4B83-89EC-CB79640836DD}.Debug|Any CPU.Build.0 = Debug|Any CPU
		{1D3E9C7C-FE10-4B83-89EC-CB79640836DD}.Release|Any CPU.ActiveCfg = Release|Any CPU
		{1D3E9C7C-FE10-4B83-89EC-CB79640836DD}.Release|Any CPU.Build.0 = Release|Any CPU
		{92301744-7C58-499C-871E-41E2126AB8D3}.Debug|Any CPU.ActiveCfg = Debug|Any CPU
		{92301744-7C58-499C-871E-41E2126AB8D3}.Debug|Any CPU.Build.0 = Debug|Any CPU
		{92301744-7C58-499C-871E-41E2126AB8D3}.Release|Any CPU.ActiveCfg = Release|Any CPU
		{92301744-7C58-499C-871E-41E2126AB8D3}.Release|Any CPU.Build.0 = Release|Any CPU
		{81DDED9D-158B-E303-5F62-77A2896D2A5A}.Debug|Any CPU.ActiveCfg = Debug|Any CPU
		{81DDED9D-158B-E303-5F62-77A2896D2A5A}.Debug|Any CPU.Build.0 = Debug|Any CPU
		{81DDED9D-158B-E303-5F62-77A2896D2A5A}.Release|Any CPU.ActiveCfg = Release|Any CPU
		{81DDED9D-158B-E303-5F62-77A2896D2A5A}.Release|Any CPU.Build.0 = Release|Any CPU
		{F6B624FF-B724-4C28-900D-11CFAAE41140}.Debug|Any CPU.ActiveCfg = Debug|Any CPU
		{F6B624FF-B724-4C28-900D-11CFAAE41140}.Debug|Any CPU.Build.0 = Debug|Any CPU
		{F6B624FF-B724-4C28-900D-11CFAAE41140}.Release|Any CPU.ActiveCfg = Release|Any CPU
		{F6B624FF-B724-4C28-900D-11CFAAE41140}.Release|Any CPU.Build.0 = Release|Any CPU
		{9CFB34C3-0D4B-4BB3-B629-6054088979EE}.Debug|Any CPU.ActiveCfg = Debug|Any CPU
		{9CFB34C3-0D4B-4BB3-B629-6054088979EE}.Debug|Any CPU.Build.0 = Debug|Any CPU
		{9CFB34C3-0D4B-4BB3-B629-6054088979EE}.Release|Any CPU.ActiveCfg = Release|Any CPU
		{9CFB34C3-0D4B-4BB3-B629-6054088979EE}.Release|Any CPU.Build.0 = Release|Any CPU
	EndGlobalSection
	GlobalSection(SolutionProperties) = preSolution
		HideSolutionNode = FALSE
	EndGlobalSection
	GlobalSection(ExtensibilityGlobals) = postSolution
		SolutionGuid = {8CC9492A-9E76-443D-9ABC-54C7FB4E60BA}
	EndGlobalSection
EndGlobal
