
Microsoft Visual Studio Solution File, Format Version 12.00
# Visual Studio Version 17
VisualStudioVersion = 17.14.36429.23 d17.14
MinimumVisualStudioVersion = 10.0.40219.1
Project("{FAE04EC0-301F-11D3-BF4B-00C04F79EFBC}") = "TodoList.Server", "TodoList.Server.csproj", "{969EA810-B050-491C-B098-0F91A8673F28}"
EndProject
Global
	GlobalSection(SolutionConfigurationPlatforms) = preSolution
		Debug|Any CPU = Debug|Any CPU
		Release|Any CPU = Release|Any CPU
	EndGlobalSection
	GlobalSection(ProjectConfigurationPlatforms) = postSolution
		{969EA810-B050-491C-B098-0F91A8673F28}.Debug|Any CPU.ActiveCfg = Debug|Any CPU
		{969EA810-B050-491C-B098-0F91A8673F28}.Debug|Any CPU.Build.0 = Debug|Any CPU
		{969EA810-B050-491C-B098-0F91A8673F28}.Release|Any CPU.ActiveCfg = Release|Any CPU
		{969EA810-B050-491C-B098-0F91A8673F28}.Release|Any CPU.Build.0 = Release|Any CPU
	EndGlobalSection
	GlobalSection(SolutionProperties) = preSolution
		HideSolutionNode = FALSE
	EndGlobalSection
	GlobalSection(ExtensibilityGlobals) = postSolution
		SolutionGuid = {6E72A6B5-39F7-432A-96A4-48B79946D3FB}
	EndGlobalSection
EndGlobal
